// !$*UTF8*$!
{
	archiveVersion = 1;
	classes = {
	};
	objectVersion = 48;
	objects = {

/* Begin PBXBuildFile section */
		5C1EAF4E1FD24E0500331E03 /* AppDelegate.swift in Sources */ = {isa = PBXBuildFile; fileRef = 5C1EAF4D1FD24E0500331E03 /* AppDelegate.swift */; };
		5C1EAF501FD24E0500331E03 /* ViewController.swift in Sources */ = {isa = PBXBuildFile; fileRef = 5C1EAF4F1FD24E0500331E03 /* ViewController.swift */; };
		5C1EAF531FD24E0500331E03 /* Main.storyboard in Resources */ = {isa = PBXBuildFile; fileRef = 5C1EAF511FD24E0500331E03 /* Main.storyboard */; };
		5C1EAF551FD24E0500331E03 /* Assets.xcassets in Resources */ = {isa = PBXBuildFile; fileRef = 5C1EAF541FD24E0500331E03 /* Assets.xcassets */; };
		5C1EAF581FD24E0500331E03 /* LaunchScreen.storyboard in Resources */ = {isa = PBXBuildFile; fileRef = 5C1EAF561FD24E0500331E03 /* LaunchScreen.storyboard */; };
		5C1EAF631FD24E0500331E03 /* FSSwiftTests.swift in Sources */ = {isa = PBXBuildFile; fileRef = 5C1EAF621FD24E0500331E03 /* FSSwiftTests.swift */; };
		5C1EAF6E1FD24E0500331E03 /* FSSwiftUITests.swift in Sources */ = {isa = PBXBuildFile; fileRef = 5C1EAF6D1FD24E0500331E03 /* FSSwiftUITests.swift */; };
/* End PBXBuildFile section */

/* Begin PBXContainerItemProxy section */
		5C1EAF5F1FD24E0500331E03 /* PBXContainerItemProxy */ = {
			isa = PBXContainerItemProxy;
			containerPortal = 5C1EAF421FD24E0500331E03 /* Project object */;
			proxyType = 1;
			remoteGlobalIDString = 5C1EAF491FD24E0500331E03;
			remoteInfo = FSSwift;
		};
		5C1EAF6A1FD24E0500331E03 /* PBXContainerItemProxy */ = {
			isa = PBXContainerItemProxy;
			containerPortal = 5C1EAF421FD24E0500331E03 /* Project object */;
			proxyType = 1;
			remoteGlobalIDString = 5C1EAF491FD24E0500331E03;
			remoteInfo = FSSwift;
		};
/* End PBXContainerItemProxy section */

/* Begin PBXFileReference section */
		5C1EAF4A1FD24E0500331E03 /* FSSwift.app */ = {isa = PBXFileReference; explicitFileType = wrapper.application; includeInIndex = 0; path = FSSwift.app; sourceTree = BUILT_PRODUCTS_DIR; };
		5C1EAF4D1FD24E0500331E03 /* AppDelegate.swift */ = {isa = PBXFileReference; lastKnownFileType = sourcecode.swift; path = AppDelegate.swift; sourceTree = "<group>"; };
		5C1EAF4F1FD24E0500331E03 /* ViewController.swift */ = {isa = PBXFileReference; lastKnownFileType = sourcecode.swift; path = ViewController.swift; sourceTree = "<group>"; };
		5C1EAF521FD24E0500331E03 /* Base */ = {isa = PBXFileReference; lastKnownFileType = file.storyboard; name = Base; path = Base.lproj/Main.storyboard; sourceTree = "<group>"; };
		5C1EAF541FD24E0500331E03 /* Assets.xcassets */ = {isa = PBXFileReference; lastKnownFileType = folder.assetcatalog; path = Assets.xcassets; sourceTree = "<group>"; };
		5C1EAF571FD24E0500331E03 /* Base */ = {isa = PBXFileReference; lastKnownFileType = file.storyboard; name = Base; path = Base.lproj/LaunchScreen.storyboard; sourceTree = "<group>"; };
		5C1EAF591FD24E0500331E03 /* Info.plist */ = {isa = PBXFileReference; lastKnownFileType = text.plist.xml; path = Info.plist; sourceTree = "<group>"; };
		5C1EAF5E1FD24E0500331E03 /* FSSwiftTests.xctest */ = {isa = PBXFileReference; explicitFileType = wrapper.cfbundle; includeInIndex = 0; path = FSSwiftTests.xctest; sourceTree = BUILT_PRODUCTS_DIR; };
		5C1EAF621FD24E0500331E03 /* FSSwiftTests.swift */ = {isa = PBXFileReference; lastKnownFileType = sourcecode.swift; path = FSSwiftTests.swift; sourceTree = "<group>"; };
		5C1EAF641FD24E0500331E03 /* Info.plist */ = {isa = PBXFileReference; lastKnownFileType = text.plist.xml; path = Info.plist; sourceTree = "<group>"; };
		5C1EAF691FD24E0500331E03 /* FSSwiftUITests.xctest */ = {isa = PBXFileReference; explicitFileType = wrapper.cfbundle; includeInIndex = 0; path = FSSwiftUITests.xctest; sourceTree = BUILT_PRODUCTS_DIR; };
		5C1EAF6D1FD24E0500331E03 /* FSSwiftUITests.swift */ = {isa = PBXFileReference; lastKnownFileType = sourcecode.swift; path = FSSwiftUITests.swift; sourceTree = "<group>"; };
		5C1EAF6F1FD24E0500331E03 /* Info.plist */ = {isa = PBXFileReference; lastKnownFileType = text.plist.xml; path = Info.plist; sourceTree = "<group>"; };
/* End PBXFileReference section */

/* Begin PBXFrameworksBuildPhase section */
		5C1EAF471FD24E0500331E03 /* Frameworks */ = {
			isa = PBXFrameworksBuildPhase;
			buildActionMask = 2147483647;
			files = (
			);
			runOnlyForDeploymentPostprocessing = 0;
		};
		5C1EAF5B1FD24E0500331E03 /* Frameworks */ = {
			isa = PBXFrameworksBuildPhase;
			buildActionMask = 2147483647;
			files = (
			);
			runOnlyForDeploymentPostprocessing = 0;
		};
		5C1EAF661FD24E0500331E03 /* Frameworks */ = {
			isa = PBXFrameworksBuildPhase;
			buildActionMask = 2147483647;
			files = (
			);
			runOnlyForDeploymentPostprocessing = 0;
		};
/* End PBXFrameworksBuildPhase section */

/* Begin PBXGroup section */
		5C1EAF411FD24E0500331E03 = {
			isa = PBXGroup;
			children = (
				5C1EAF4C1FD24E0500331E03 /* FSSwift */,
				5C1EAF611FD24E0500331E03 /* FSSwiftTests */,
				5C1EAF6C1FD24E0500331E03 /* FSSwiftUITests */,
				5C1EAF4B1FD24E0500331E03 /* Products */,
			);
			sourceTree = "<group>";
		};
		5C1EAF4B1FD24E0500331E03 /* Products */ = {
			isa = PBXGroup;
			children = (
				5C1EAF4A1FD24E0500331E03 /* FSSwift.app */,
				5C1EAF5E1FD24E0500331E03 /* FSSwiftTests.xctest */,
				5C1EAF691FD24E0500331E03 /* FSSwiftUITests.xctest */,
			);
			name = Products;
			sourceTree = "<group>";
		};
		5C1EAF4C1FD24E0500331E03 /* FSSwift */ = {
			isa = PBXGroup;
			children = (
				5C1EAF4D1FD24E0500331E03 /* AppDelegate.swift */,
				5C1EAF4F1FD24E0500331E03 /* ViewController.swift */,
				5C1EAF511FD24E0500331E03 /* Main.storyboard */,
				5C1EAF541FD24E0500331E03 /* Assets.xcassets */,
				5C1EAF561FD24E0500331E03 /* LaunchScreen.storyboard */,
				5C1EAF591FD24E0500331E03 /* Info.plist */,
			);
			path = FSSwift;
			sourceTree = "<group>";
		};
		5C1EAF611FD24E0500331E03 /* FSSwiftTests */ = {
			isa = PBXGroup;
			children = (
				5C1EAF621FD24E0500331E03 /* FSSwiftTests.swift */,
				5C1EAF641FD24E0500331E03 /* Info.plist */,
			);
			path = FSSwiftTests;
			sourceTree = "<group>";
		};
		5C1EAF6C1FD24E0500331E03 /* FSSwiftUITests */ = {
			isa = PBXGroup;
			children = (
				5C1EAF6D1FD24E0500331E03 /* FSSwiftUITests.swift */,
				5C1EAF6F1FD24E0500331E03 /* Info.plist */,
			);
			path = FSSwiftUITests;
			sourceTree = "<group>";
		};
/* End PBXGroup section */

/* Begin PBXNativeTarget section */
		5C1EAF491FD24E0500331E03 /* FSSwift */ = {
			isa = PBXNativeTarget;
			buildConfigurationList = 5C1EAF721FD24E0500331E03 /* Build configuration list for PBXNativeTarget "FSSwift" */;
			buildPhases = (
				5C1EAF461FD24E0500331E03 /* Sources */,
				5C1EAF471FD24E0500331E03 /* Frameworks */,
				5C1EAF481FD24E0500331E03 /* Resources */,
			);
			buildRules = (
			);
			dependencies = (
			);
			name = FSSwift;
			productName = FSSwift;
			productReference = 5C1EAF4A1FD24E0500331E03 /* FSSwift.app */;
			productType = "com.apple.product-type.application";
		};
		5C1EAF5D1FD24E0500331E03 /* FSSwiftTests */ = {
			isa = PBXNativeTarget;
			buildConfigurationList = 5C1EAF751FD24E0500331E03 /* Build configuration list for PBXNativeTarget "FSSwiftTests" */;
			buildPhases = (
				5C1EAF5A1FD24E0500331E03 /* Sources */,
				5C1EAF5B1FD24E0500331E03 /* Frameworks */,
				5C1EAF5C1FD24E0500331E03 /* Resources */,
			);
			buildRules = (
			);
			dependencies = (
				5C1EAF601FD24E0500331E03 /* PBXTargetDependency */,
			);
			name = FSSwiftTests;
			productName = FSSwiftTests;
			productReference = 5C1EAF5E1FD24E0500331E03 /* FSSwiftTests.xctest */;
			productType = "com.apple.product-type.bundle.unit-test";
		};
		5C1EAF681FD24E0500331E03 /* FSSwiftUITests */ = {
			isa = PBXNativeTarget;
			buildConfigurationList = 5C1EAF781FD24E0500331E03 /* Build configuration list for PBXNativeTarget "FSSwiftUITests" */;
			buildPhases = (
				5C1EAF651FD24E0500331E03 /* Sources */,
				5C1EAF661FD24E0500331E03 /* Frameworks */,
				5C1EAF671FD24E0500331E03 /* Resources */,
			);
			buildRules = (
			);
			dependencies = (
				5C1EAF6B1FD24E0500331E03 /* PBXTargetDependency */,
			);
			name = FSSwiftUITests;
			productName = FSSwiftUITests;
			productReference = 5C1EAF691FD24E0500331E03 /* FSSwiftUITests.xctest */;
			productType = "com.apple.product-type.bundle.ui-testing";
		};
/* End PBXNativeTarget section */

/* Begin PBXProject section */
		5C1EAF421FD24E0500331E03 /* Project object */ = {
			isa = PBXProject;
			attributes = {
				LastSwiftUpdateCheck = 0910;
				LastUpgradeCheck = 0910;
				ORGANIZATIONNAME = china;
				TargetAttributes = {
					5C1EAF491FD24E0500331E03 = {
						CreatedOnToolsVersion = 9.1;
						ProvisioningStyle = Automatic;
					};
					5C1EAF5D1FD24E0500331E03 = {
						CreatedOnToolsVersion = 9.1;
						ProvisioningStyle = Automatic;
						TestTargetID = 5C1EAF491FD24E0500331E03;
					};
					5C1EAF681FD24E0500331E03 = {
						CreatedOnToolsVersion = 9.1;
						ProvisioningStyle = Automatic;
						TestTargetID = 5C1EAF491FD24E0500331E03;
					};
				};
			};
			buildConfigurationList = 5C1EAF451FD24E0500331E03 /* Build configuration list for PBXProject "FSSwift" */;
			compatibilityVersion = "Xcode 8.0";
			developmentRegion = en;
			hasScannedForEncodings = 0;
			knownRegions = (
				en,
				Base,
			);
			mainGroup = 5C1EAF411FD24E0500331E03;
			productRefGroup = 5C1EAF4B1FD24E0500331E03 /* Products */;
			projectDirPath = "";
			projectRoot = "";
			targets = (
				5C1EAF491FD24E0500331E03 /* FSSwift */,
				5C1EAF5D1FD24E0500331E03 /* FSSwiftTests */,
				5C1EAF681FD24E0500331E03 /* FSSwiftUITests */,
			);
		};
/* End PBXProject section */

/* Begin PBXResourcesBuildPhase section */
		5C1EAF481FD24E0500331E03 /* Resources */ = {
			isa = PBXResourcesBuildPhase;
			buildActionMask = 2147483647;
			files = (
				5C1EAF581FD24E0500331E03 /* LaunchScreen.storyboard in Resources */,
				5C1EAF551FD24E0500331E03 /* Assets.xcassets in Resources */,
				5C1EAF531FD24E0500331E03 /* Main.storyboard in Resources */,
			);
			runOnlyForDeploymentPostprocessing = 0;
		};
		5C1EAF5C1FD24E0500331E03 /* Resources */ = {
			isa = PBXResourcesBuildPhase;
			buildActionMask = 2147483647;
			files = (
			);
			runOnlyForDeploymentPostprocessing = 0;
		};
		5C1EAF671FD24E0500331E03 /* Resources */ = {
			isa = PBXResourcesBuildPhase;
			buildActionMask = 2147483647;
			files = (
			);
			runOnlyForDeploymentPostprocessing = 0;
		};
/* End PBXResourcesBuildPhase section */

/* Begin PBXSourcesBuildPhase section */
		5C1EAF461FD24E0500331E03 /* Sources */ = {
			isa = PBXSourcesBuildPhase;
			buildActionMask = 2147483647;
			files = (
				5C1EAF501FD24E0500331E03 /* ViewController.swift in Sources */,
				5C1EAF4E1FD24E0500331E03 /* AppDelegate.swift in Sources */,
			);
			runOnlyForDeploymentPostprocessing = 0;
		};
		5C1EAF5A1FD24E0500331E03 /* Sources */ = {
			isa = PBXSourcesBuildPhase;
			buildActionMask = 2147483647;
			files = (
				5C1EAF631FD24E0500331E03 /* FSSwiftTests.swift in Sources */,
			);
			runOnlyForDeploymentPostprocessing = 0;
		};
		5C1EAF651FD24E0500331E03 /* Sources */ = {
			isa = PBXSourcesBuildPhase;
			buildActionMask = 2147483647;
			files = (
				5C1EAF6E1FD24E0500331E03 /* FSSwiftUITests.swift in Sources */,
			);
			runOnlyForDeploymentPostprocessing = 0;
		};
/* End PBXSourcesBuildPhase section */

/* Begin PBXTargetDependency section */
		5C1EAF601FD24E0500331E03 /* PBXTargetDependency */ = {
			isa = PBXTargetDependency;
			target = 5C1EAF491FD24E0500331E03 /* FSSwift */;
			targetProxy = 5C1EAF5F1FD24E0500331E03 /* PBXContainerItemProxy */;
		};
		5C1EAF6B1FD24E0500331E03 /* PBXTargetDependency */ = {
			isa = PBXTargetDependency;
			target = 5C1EAF491FD24E0500331E03 /* FSSwift */;
			targetProxy = 5C1EAF6A1FD24E0500331E03 /* PBXContainerItemProxy */;
		};
/* End PBXTargetDependency section */

/* Begin PBXVariantGroup section */
		5C1EAF511FD24E0500331E03 /* Main.storyboard */ = {
			isa = PBXVariantGroup;
			children = (
				5C1EAF521FD24E0500331E03 /* Base */,
			);
			name = Main.storyboard;
			sourceTree = "<group>";
		};
		5C1EAF561FD24E0500331E03 /* LaunchScreen.storyboard */ = {
			isa = PBXVariantGroup;
			children = (
				5C1EAF571FD24E0500331E03 /* Base */,
			);
			name = LaunchScreen.storyboard;
			sourceTree = "<group>";
		};
/* End PBXVariantGroup section */

/* Begin XCBuildConfiguration section */
		5C1EAF701FD24E0500331E03 /* Debug */ = {
			isa = XCBuildConfiguration;
			buildSettings = {
				ALWAYS_SEARCH_USER_PATHS = NO;
				CLANG_ANALYZER_NONNULL = YES;
				CLANG_ANALYZER_NUMBER_OBJECT_CONVERSION = YES_AGGRESSIVE;
				CLANG_CXX_LANGUAGE_STANDARD = "gnu++14";
				CLANG_CXX_LIBRARY = "libc++";
				CLANG_ENABLE_MODULES = YES;
				CLANG_ENABLE_OBJC_ARC = YES;
				CLANG_WARN_BLOCK_CAPTURE_AUTORELEASING = YES;
				CLANG_WARN_BOOL_CONVERSION = YES;
				CLANG_WARN_COMMA = YES;
				CLANG_WARN_CONSTANT_CONVERSION = YES;
				CLANG_WARN_DIRECT_OBJC_ISA_USAGE = YES_ERROR;
				CLANG_WARN_DOCUMENTATION_COMMENTS = YES;
				CLANG_WARN_EMPTY_BODY = YES;
				CLANG_WARN_ENUM_CONVERSION = YES;
				CLANG_WARN_INFINITE_RECURSION = YES;
				CLANG_WARN_INT_CONVERSION = YES;
				CLANG_WARN_NON_LITERAL_NULL_CONVERSION = YES;
				CLANG_WARN_OBJC_LITERAL_CONVERSION = YES;
				CLANG_WARN_OBJC_ROOT_CLASS = YES_ERROR;
				CLANG_WARN_RANGE_LOOP_ANALYSIS = YES;
				CLANG_WARN_STRICT_PROTOTYPES = YES;
				CLANG_WARN_SUSPICIOUS_MOVE = YES;
				CLANG_WARN_UNGUARDED_AVAILABILITY = YES_AGGRESSIVE;
				CLANG_WARN_UNREACHABLE_CODE = YES;
				CLANG_WARN__DUPLICATE_METHOD_MATCH = YES;
				CODE_SIGN_IDENTITY = "iPhone Developer";
				COPY_PHASE_STRIP = NO;
				DEBUG_INFORMATION_FORMAT = dwarf;
				ENABLE_STRICT_OBJC_MSGSEND = YES;
				ENABLE_TESTABILITY = YES;
				GCC_C_LANGUAGE_STANDARD = gnu11;
				GCC_DYNAMIC_NO_PIC = NO;
				GCC_NO_COMMON_BLOCKS = YES;
				GCC_OPTIMIZATION_LEVEL = 0;
				GCC_PREPROCESSOR_DEFINITIONS = (
					"DEBUG=1",
					"$(inherited)",
				);
				GCC_WARN_64_TO_32_BIT_CONVERSION = YES;
				GCC_WARN_ABOUT_RETURN_TYPE = YES_ERROR;
				GCC_WARN_UNDECLARED_SELECTOR = YES;
				GCC_WARN_UNINITIALIZED_AUTOS = YES_AGGRESSIVE;
				GCC_WARN_UNUSED_FUNCTION = YES;
				GCC_WARN_UNUSED_VARIABLE = YES;
				IPHONEOS_DEPLOYMENT_TARGET = 11.1;
				MTL_ENABLE_DEBUG_INFO = YES;
				ONLY_ACTIVE_ARCH = YES;
				SDKROOT = iphoneos;
				SWIFT_ACTIVE_COMPILATION_CONDITIONS = DEBUG;
				SWIFT_OPTIMIZATION_LEVEL = "-Onone";
			};
			name = Debug;
		};
		5C1EAF711FD24E0500331E03 /* Release */ = {
			isa = XCBuildConfiguration;
			buildSettings = {
				ALWAYS_SEARCH_USER_PATHS = NO;
				CLANG_ANALYZER_NONNULL = YES;
				CLANG_ANALYZER_NUMBER_OBJECT_CONVERSION = YES_AGGRESSIVE;
				CLANG_CXX_LANGUAGE_STANDARD = "gnu++14";
				CLANG_CXX_LIBRARY = "libc++";
				CLANG_ENABLE_MODULES = YES;
				CLANG_ENABLE_OBJC_ARC = YES;
				CLANG_WARN_BLOCK_CAPTURE_AUTORELEASING = YES;
				CLANG_WARN_BOOL_CONVERSION = YES;
				CLANG_WARN_COMMA = YES;
				CLANG_WARN_CONSTANT_CONVERSION = YES;
				CLANG_WARN_DIRECT_OBJC_ISA_USAGE = YES_ERROR;
				CLANG_WARN_DOCUMENTATION_COMMENTS = YES;
				CLANG_WARN_EMPTY_BODY = YES;
				CLANG_WARN_ENUM_CONVERSION = YES;
				CLANG_WARN_INFINITE_RECURSION = YES;
				CLANG_WARN_INT_CONVERSION = YES;
				CLANG_WARN_NON_LITERAL_NULL_CONVERSION = YES;
				CLANG_WARN_OBJC_LITERAL_CONVERSION = YES;
				CLANG_WARN_OBJC_ROOT_CLASS = YES_ERROR;
				CLANG_WARN_RANGE_LOOP_ANALYSIS = YES;
				CLANG_WARN_STRICT_PROTOTYPES = YES;
				CLANG_WARN_SUSPICIOUS_MOVE = YES;
				CLANG_WARN_UNGUARDED_AVAILABILITY = YES_AGGRESSIVE;
				CLANG_WARN_UNREACHABLE_CODE = YES;
				CLANG_WARN__DUPLICATE_METHOD_MATCH = YES;
				CODE_SIGN_IDENTITY = "iPhone Developer";
				COPY_PHASE_STRIP = NO;
				DEBUG_INFORMATION_FORMAT = "dwarf-with-dsym";
				ENABLE_NS_ASSERTIONS = NO;
				ENABLE_STRICT_OBJC_MSGSEND = YES;
				GCC_C_LANGUAGE_STANDARD = gnu11;
				GCC_NO_COMMON_BLOCKS = YES;
				GCC_WARN_64_TO_32_BIT_CONVERSION = YES;
				GCC_WARN_ABOUT_RETURN_TYPE = YES_ERROR;
				GCC_WARN_UNDECLARED_SELECTOR = YES;
				GCC_WARN_UNINITIALIZED_AUTOS = YES_AGGRESSIVE;
				GCC_WARN_UNUSED_FUNCTION = YES;
				GCC_WARN_UNUSED_VARIABLE = YES;
				IPHONEOS_DEPLOYMENT_TARGET = 11.1;
				MTL_ENABLE_DEBUG_INFO = NO;
				SDKROOT = iphoneos;
				SWIFT_OPTIMIZATION_LEVEL = "-Owholemodule";
				VALIDATE_PRODUCT = YES;
			};
			name = Release;
		};
		5C1EAF731FD24E0500331E03 /* Debug */ = {
			isa = XCBuildConfiguration;
			buildSettings = {
				ASSETCATALOG_COMPILER_APPICON_NAME = AppIcon;
				CODE_SIGN_STYLE = Automatic;
				INFOPLIST_FILE = FSSwift/Info.plist;
				IPHONEOS_DEPLOYMENT_TARGET = 9.0;
				LD_RUNPATH_SEARCH_PATHS = "$(inherited) @executable_path/Frameworks";
				PRODUCT_BUNDLE_IDENTIFIER = china.com.FSSwift;
				PRODUCT_NAME = "$(TARGET_NAME)";
				SWIFT_VERSION = 4.0;
				TARGETED_DEVICE_FAMILY = 1;
			};
			name = Debug;
		};
		5C1EAF741FD24E0500331E03 /* Release */ = {
			isa = XCBuildConfiguration;
			buildSettings = {
				ASSETCATALOG_COMPILER_APPICON_NAME = AppIcon;
				CODE_SIGN_STYLE = Automatic;
				INFOPLIST_FILE = FSSwift/Info.plist;
				IPHONEOS_DEPLOYMENT_TARGET = 9.0;
				LD_RUNPATH_SEARCH_PATHS = "$(inherited) @executable_path/Frameworks";
				PRODUCT_BUNDLE_IDENTIFIER = china.com.FSSwift;
				PRODUCT_NAME = "$(TARGET_NAME)";
				SWIFT_VERSION = 4.0;
				TARGETED_DEVICE_FAMILY = 1;
			};
			name = Release;
		};
		5C1EAF761FD24E0500331E03 /* Debug */ = {
			isa = XCBuildConfiguration;
			buildSettings = {
				ALWAYS_EMBED_SWIFT_STANDARD_LIBRARIES = YES;
				BUNDLE_LOADER = "$(TEST_HOST)";
				CODE_SIGN_STYLE = Automatic;
				INFOPLIST_FILE = FSSwiftTests/Info.plist;
				LD_RUNPATH_SEARCH_PATHS = "$(inherited) @executable_path/Frameworks @loader_path/Frameworks";
				PRODUCT_BUNDLE_IDENTIFIER = china.com.FSSwiftTests;
				PRODUCT_NAME = "$(TARGET_NAME)";
				SWIFT_VERSION = 4.0;
				TARGETED_DEVICE_FAMILY = "1,2";
				TEST_HOST = "$(BUILT_PRODUCTS_DIR)/FSSwift.app/FSSwift";
			};
			name = Debug;
		};
		5C1EAF771FD24E0500331E03 /* Release */ = {
			isa = XCBuildConfiguration;
			buildSettings = {
				ALWAYS_EMBED_SWIFT_STANDARD_LIBRARIES = YES;
				BUNDLE_LOADER = "$(TEST_HOST)";
				CODE_SIGN_STYLE = Automatic;
				INFOPLIST_FILE = FSSwiftTests/Info.plist;
				LD_RUNPATH_SEARCH_PATHS = "$(inherited) @executable_path/Frameworks @loader_path/Frameworks";
				PRODUCT_BUNDLE_IDENTIFIER = china.com.FSSwiftTests;
				PRODUCT_NAME = "$(TARGET_NAME)";
				SWIFT_VERSION = 4.0;
				TARGETED_DEVICE_FAMILY = "1,2";
				TEST_HOST = "$(BUILT_PRODUCTS_DIR)/FSSwift.app/FSSwift";
			};
			name = Release;
		};
		5C1EAF791FD24E0500331E03 /* Debug */ = {
			isa = XCBuildConfiguration;
			buildSettings = {
				ALWAYS_EMBED_SWIFT_STANDARD_LIBRARIES = YES;
				CODE_SIGN_STYLE = Automatic;
				INFOPLIST_FILE = FSSwiftUITests/Info.plist;
				LD_RUNPATH_SEARCH_PATHS = "$(inherited) @executable_path/Frameworks @loader_path/Frameworks";
				PRODUCT_BUNDLE_IDENTIFIER = china.com.FSSwiftUITests;
				PRODUCT_NAME = "$(TARGET_NAME)";
				SWIFT_VERSION = 4.0;
				TARGETED_DEVICE_FAMILY = "1,2";
				TEST_TARGET_NAME = FSSwift;
			};
			name = Debug;
		};
		5C1EAF7A1FD24E0500331E03 /* Release */ = {
			isa = XCBuildConfiguration;
			buildSettings = {
				ALWAYS_EMBED_SWIFT_STANDARD_LIBRARIES = YES;
				CODE_SIGN_STYLE = Automatic;
				INFOPLIST_FILE = FSSwiftUITests/Info.plist;
				LD_RUNPATH_SEARCH_PATHS = "$(inherited) @executable_path/Frameworks @loader_path/Frameworks";
				PRODUCT_BUNDLE_IDENTIFIER = china.com.FSSwiftUITests;
				PRODUCT_NAME = "$(TARGET_NAME)";
				SWIFT_VERSION = 4.0;
				TARGETED_DEVICE_FAMILY = "1,2";
				TEST_TARGET_NAME = FSSwift;
			};
			name = Release;
		};
/* End XCBuildConfiguration section */

/* Begin XCConfigurationList section */
		5C1EAF451FD24E0500331E03 /* Build configuration list for PBXProject "FSSwift" */ = {
			isa = XCConfigurationList;
			buildConfigurations = (
				5C1EAF701FD24E0500331E03 /* Debug */,
				5C1EAF711FD24E0500331E03 /* Release */,
			);
			defaultConfigurationIsVisible = 0;
			defaultConfigurationName = Release;
		};
		5C1EAF721FD24E0500331E03 /* Build configuration list for PBXNativeTarget "FSSwift" */ = {
			isa = XCConfigurationList;
			buildConfigurations = (
				5C1EAF731FD24E0500331E03 /* Debug */,
				5C1EAF741FD24E0500331E03 /* Release */,
			);
			defaultConfigurationIsVisible = 0;
			defaultConfigurationName = Release;
		};
		5C1EAF751FD24E0500331E03 /* Build configuration list for PBXNativeTarget "FSSwiftTests" */ = {
			isa = XCConfigurationList;
			buildConfigurations = (
				5C1EAF761FD24E0500331E03 /* Debug */,
				5C1EAF771FD24E0500331E03 /* Release */,
			);
			defaultConfigurationIsVisible = 0;
			defaultConfigurationName = Release;
		};
		5C1EAF781FD24E0500331E03 /* Build configuration list for PBXNativeTarget "FSSwiftUITests" */ = {
			isa = XCConfigurationList;
			buildConfigurations = (
				5C1EAF791FD24E0500331E03 /* Debug */,
				5C1EAF7A1FD24E0500331E03 /* Release */,
			);
			defaultConfigurationIsVisible = 0;
			defaultConfigurationName = Release;
		};
/* End XCConfigurationList section */
	};
	rootObject = 5C1EAF421FD24E0500331E03 /* Project object */;
}
